{
  "originHash" : "af926dd9a8690ca2cc97a0bbd106a89c44b38ba838de87e8dd7f13ffc0dcee42",
  "pins" : [
    {
      "identity" : "snapkit",
      "kind" : "remoteSourceControl",
      "location" : "https://github.com/SnapKit/SnapKit.git",
      "state" : {
        "revision" : "2842e6e84e82eb9a8dac0100ca90d9444b0307f4",
        "version" : "5.7.1"
      }
    },
    {
      "identity" : "spconfetti",
      "kind" : "remoteSourceControl",
      "location" : "https://github.com/ivanvorobei/SPConfetti",
      "state" : {
        "revision" : "0896bbf9ec20eaf125598d0f36ee5f1049117e18",
        "version" : "1.4.2"
      }
    }
  ],
  "version" : 3
}
